// !$*UTF8*$!
{
	archiveVersion = 1;
	classes = {
	};
	objectVersion = 56;
	objects = {

/* Begin PBXBuildFile section */
		8BC151EE29DD6EA00007A372 /* AppDelegate.swift in Sources */ = {isa = PBXBuildFile; fileRef = 8BC151ED29DD6EA00007A372 /* AppDelegate.swift */; };
		8BC151F729DD6EA20007A372 /* Assets.xcassets in Resources */ = {isa = PBXBuildFile; fileRef = 8BC151F629DD6EA20007A372 /* Assets.xcassets */; };
		8BC151FA29DD6EA20007A372 /* LaunchScreen.storyboard in Resources */ = {isa = PBXBuildFile; fileRef = 8BC151F829DD6EA20007A372 /* LaunchScreen.storyboard */; };
		8BC1520529DD6EA20007A372 /* FitmaniaTests.swift in Sources */ = {isa = PBXBuildFile; fileRef = 8BC1520429DD6EA20007A372 /* FitmaniaTests.swift */; };
		8BC1520F29DD6EA20007A372 /* FitmaniaUITests.swift in Sources */ = {isa = PBXBuildFile; fileRef = 8BC1520E29DD6EA20007A372 /* FitmaniaUITests.swift */; };
		8BC1521129DD6EA20007A372 /* FitmaniaUITestsLaunchTests.swift in Sources */ = {isa = PBXBuildFile; fileRef = 8BC1521029DD6EA20007A372 /* FitmaniaUITestsLaunchTests.swift */; };
		8BC1523329DD75CF0007A372 /* Configuration-Production.plist in Resources */ = {isa = PBXBuildFile; fileRef = 8BC1522E29DD75CF0007A372 /* Configuration-Production.plist */; };
		8BC1523429DD75CF0007A372 /* Configuration-Development.plist in Resources */ = {isa = PBXBuildFile; fileRef = 8BC1522F29DD75CF0007A372 /* Configuration-Development.plist */; };
		8BC1523529DD75CF0007A372 /* Configuration-QA.plist in Resources */ = {isa = PBXBuildFile; fileRef = 8BC1523029DD75CF0007A372 /* Configuration-QA.plist */; };
		8BC1523729DD75CF0007A372 /* Configuration-Default.plist in Resources */ = {isa = PBXBuildFile; fileRef = 8BC1523229DD75CF0007A372 /* Configuration-Default.plist */; };
		8BC1523B29DD75F40007A372 /* generate-configuration.sh in Resources */ = {isa = PBXBuildFile; fileRef = 8BC1523929DD75F40007A372 /* generate-configuration.sh */; };
		8BC1523C29DD75F40007A372 /* create-empty-configuration-file.sh in Resources */ = {isa = PBXBuildFile; fileRef = 8BC1523A29DD75F40007A372 /* create-empty-configuration-file.sh */; };
		8BC1524529DD769F0007A372 /* Navigation.swift in Sources */ = {isa = PBXBuildFile; fileRef = 8BC1524029DD769E0007A372 /* Navigation.swift */; };
		8BC1524629DD769F0007A372 /* AppDependencies.swift in Sources */ = {isa = PBXBuildFile; fileRef = 8BC1524229DD769E0007A372 /* AppDependencies.swift */; };
		8BC1524729DD769F0007A372 /* MainFlowController.swift in Sources */ = {isa = PBXBuildFile; fileRef = 8BC1524429DD769E0007A372 /* MainFlowController.swift */; };
		8BC1524E29DD77030007A372 /* WelcomeScreenContract.swift in Sources */ = {isa = PBXBuildFile; fileRef = 8BC1524829DD77030007A372 /* WelcomeScreenContract.swift */; };
		8BC1524F29DD77030007A372 /* WelcomeScreenPresenter.swift in Sources */ = {isa = PBXBuildFile; fileRef = 8BC1524929DD77030007A372 /* WelcomeScreenPresenter.swift */; };
		8BC1525029DD77030007A372 /* WelcomeScreenMiddleware.swift in Sources */ = {isa = PBXBuildFile; fileRef = 8BC1524A29DD77030007A372 /* WelcomeScreenMiddleware.swift */; };
		8BC1525129DD77030007A372 /* WelcomeScreenViewController.swift in Sources */ = {isa = PBXBuildFile; fileRef = 8BC1524B29DD77030007A372 /* WelcomeScreenViewController.swift */; };
		8BC1525229DD77030007A372 /* WelcomeScreenBuilder.swift in Sources */ = {isa = PBXBuildFile; fileRef = 8BC1524C29DD77030007A372 /* WelcomeScreenBuilder.swift */; };
		8BC1525329DD77030007A372 /* WelcomeScreenInteractor.swift in Sources */ = {isa = PBXBuildFile; fileRef = 8BC1524D29DD77030007A372 /* WelcomeScreenInteractor.swift */; };
		8BC1526129DD79D00007A372 /* SnapKit in Frameworks */ = {isa = PBXBuildFile; productRef = 8BC1526029DD79D00007A372 /* SnapKit */; };
		8BC1526329DD7A380007A372 /* Base.swift in Sources */ = {isa = PBXBuildFile; fileRef = 8BC1526229DD7A380007A372 /* Base.swift */; };
		8BC1526629DD7AAD0007A372 /* IntentSubject.swift in Sources */ = {isa = PBXBuildFile; fileRef = 8BC1526529DD7AAC0007A372 /* IntentSubject.swift */; };
		8BE6447229DD7B6000288DAB /* RxCocoa in Frameworks */ = {isa = PBXBuildFile; productRef = 8BE6447129DD7B6000288DAB /* RxCocoa */; };
		8BE6447429DD7B6000288DAB /* RxRelay in Frameworks */ = {isa = PBXBuildFile; productRef = 8BE6447329DD7B6000288DAB /* RxRelay */; };
		8BE6447629DD7B6000288DAB /* RxSwift in Frameworks */ = {isa = PBXBuildFile; productRef = 8BE6447529DD7B6000288DAB /* RxSwift */; };
		8BE6448329DDB8D800288DAB /* OpenSans-SemiBold.ttf in Resources */ = {isa = PBXBuildFile; fileRef = 8BE6447D29DDB8D800288DAB /* OpenSans-SemiBold.ttf */; };
		8BE6448429DDB8D800288DAB /* SF-Pro.ttf in Resources */ = {isa = PBXBuildFile; fileRef = 8BE6447E29DDB8D800288DAB /* SF-Pro.ttf */; };
		8BE6448529DDB8D800288DAB /* SF-Pro-Text-Regular.otf in Resources */ = {isa = PBXBuildFile; fileRef = 8BE6447F29DDB8D800288DAB /* SF-Pro-Text-Regular.otf */; };
		8BE6448629DDB8D800288DAB /* SF-Pro-Text-Bold.otf in Resources */ = {isa = PBXBuildFile; fileRef = 8BE6448029DDB8D800288DAB /* SF-Pro-Text-Bold.otf */; };
		8BE6448729DDB8D800288DAB /* OpenSans-Regular.ttf in Resources */ = {isa = PBXBuildFile; fileRef = 8BE6448129DDB8D800288DAB /* OpenSans-Regular.ttf */; };
		8BE6448829DDB8D800288DAB /* SF-Pro-Text-Semibold.otf in Resources */ = {isa = PBXBuildFile; fileRef = 8BE6448229DDB8D800288DAB /* SF-Pro-Text-Semibold.otf */; };
		8BE6448A29DDB96E00288DAB /* UIFontExtension.swift in Sources */ = {isa = PBXBuildFile; fileRef = 8BE6448929DDB96E00288DAB /* UIFontExtension.swift */; };
		8BE6449229DED21600288DAB /* UIColorExtension.swift in Sources */ = {isa = PBXBuildFile; fileRef = 8BE6449129DED21600288DAB /* UIColorExtension.swift */; };
		8BE6449629DED69B00288DAB /* ButtonsFactory.swift in Sources */ = {isa = PBXBuildFile; fileRef = 8BE6449529DED69B00288DAB /* ButtonsFactory.swift */; };
		8BE6449829DEDCD900288DAB /* UIImageExtension.swift in Sources */ = {isa = PBXBuildFile; fileRef = 8BE6449729DEDCD900288DAB /* UIImageExtension.swift */; };
		8BE6449C29DEE22B00288DAB /* FitmaniaLogo.swift in Sources */ = {isa = PBXBuildFile; fileRef = 8BE6449B29DEE22B00288DAB /* FitmaniaLogo.swift */; };
		8BE6449629DED69B00288DAB /* UIButtonExtension.swift in Sources */ = {isa = PBXBuildFile; fileRef = 8BE6449529DED69B00288DAB /* UIButtonExtension.swift */; };
		8BE6449C29DEE22B00288DAB /* FitmaniaLogoView.swift in Sources */ = {isa = PBXBuildFile; fileRef = 8BE6449B29DEE22B00288DAB /* FitmaniaLogoView.swift */; };
/* End PBXBuildFile section */

/* Begin PBXContainerItemProxy section */
		8BC1520129DD6EA20007A372 /* PBXContainerItemProxy */ = {
			isa = PBXContainerItemProxy;
			containerPortal = 8BC151E229DD6EA00007A372 /* Project object */;
			proxyType = 1;
			remoteGlobalIDString = 8BC151E929DD6EA00007A372;
			remoteInfo = Fitmania;
		};
		8BC1520B29DD6EA20007A372 /* PBXContainerItemProxy */ = {
			isa = PBXContainerItemProxy;
			containerPortal = 8BC151E229DD6EA00007A372 /* Project object */;
			proxyType = 1;
			remoteGlobalIDString = 8BC151E929DD6EA00007A372;
			remoteInfo = Fitmania;
		};
/* End PBXContainerItemProxy section */

/* Begin PBXFileReference section */
		8BC151EA29DD6EA00007A372 /* Fitmania.app */ = {isa = PBXFileReference; explicitFileType = wrapper.application; includeInIndex = 0; path = Fitmania.app; sourceTree = BUILT_PRODUCTS_DIR; };
		8BC151ED29DD6EA00007A372 /* AppDelegate.swift */ = {isa = PBXFileReference; lastKnownFileType = sourcecode.swift; path = AppDelegate.swift; sourceTree = "<group>"; };
		8BC151F629DD6EA20007A372 /* Assets.xcassets */ = {isa = PBXFileReference; lastKnownFileType = folder.assetcatalog; path = Assets.xcassets; sourceTree = "<group>"; };
		8BC151F929DD6EA20007A372 /* Base */ = {isa = PBXFileReference; lastKnownFileType = file.storyboard; name = Base; path = Base.lproj/LaunchScreen.storyboard; sourceTree = "<group>"; };
		8BC151FB29DD6EA20007A372 /* Info.plist */ = {isa = PBXFileReference; lastKnownFileType = text.plist.xml; path = Info.plist; sourceTree = "<group>"; };
		8BC1520029DD6EA20007A372 /* FitmaniaTests.xctest */ = {isa = PBXFileReference; explicitFileType = wrapper.cfbundle; includeInIndex = 0; path = FitmaniaTests.xctest; sourceTree = BUILT_PRODUCTS_DIR; };
		8BC1520429DD6EA20007A372 /* FitmaniaTests.swift */ = {isa = PBXFileReference; lastKnownFileType = sourcecode.swift; path = FitmaniaTests.swift; sourceTree = "<group>"; };
		8BC1520A29DD6EA20007A372 /* FitmaniaUITests.xctest */ = {isa = PBXFileReference; explicitFileType = wrapper.cfbundle; includeInIndex = 0; path = FitmaniaUITests.xctest; sourceTree = BUILT_PRODUCTS_DIR; };
		8BC1520E29DD6EA20007A372 /* FitmaniaUITests.swift */ = {isa = PBXFileReference; lastKnownFileType = sourcecode.swift; path = FitmaniaUITests.swift; sourceTree = "<group>"; };
		8BC1521029DD6EA20007A372 /* FitmaniaUITestsLaunchTests.swift */ = {isa = PBXFileReference; lastKnownFileType = sourcecode.swift; path = FitmaniaUITestsLaunchTests.swift; sourceTree = "<group>"; };
		8BC1522E29DD75CF0007A372 /* Configuration-Production.plist */ = {isa = PBXFileReference; fileEncoding = 4; lastKnownFileType = text.plist.xml; path = "Configuration-Production.plist"; sourceTree = "<group>"; };
		8BC1522F29DD75CF0007A372 /* Configuration-Development.plist */ = {isa = PBXFileReference; fileEncoding = 4; lastKnownFileType = text.plist.xml; path = "Configuration-Development.plist"; sourceTree = "<group>"; };
		8BC1523029DD75CF0007A372 /* Configuration-QA.plist */ = {isa = PBXFileReference; fileEncoding = 4; lastKnownFileType = text.plist.xml; path = "Configuration-QA.plist"; sourceTree = "<group>"; };
		8BC1523229DD75CF0007A372 /* Configuration-Default.plist */ = {isa = PBXFileReference; fileEncoding = 4; lastKnownFileType = text.plist.xml; path = "Configuration-Default.plist"; sourceTree = "<group>"; };
		8BC1523929DD75F40007A372 /* generate-configuration.sh */ = {isa = PBXFileReference; fileEncoding = 4; lastKnownFileType = text.script.sh; path = "generate-configuration.sh"; sourceTree = "<group>"; };
		8BC1523A29DD75F40007A372 /* create-empty-configuration-file.sh */ = {isa = PBXFileReference; fileEncoding = 4; lastKnownFileType = text.script.sh; path = "create-empty-configuration-file.sh"; sourceTree = "<group>"; };
		8BC1524029DD769E0007A372 /* Navigation.swift */ = {isa = PBXFileReference; fileEncoding = 4; lastKnownFileType = sourcecode.swift; path = Navigation.swift; sourceTree = "<group>"; };
		8BC1524229DD769E0007A372 /* AppDependencies.swift */ = {isa = PBXFileReference; fileEncoding = 4; lastKnownFileType = sourcecode.swift; path = AppDependencies.swift; sourceTree = "<group>"; };
		8BC1524429DD769E0007A372 /* MainFlowController.swift */ = {isa = PBXFileReference; fileEncoding = 4; lastKnownFileType = sourcecode.swift; path = MainFlowController.swift; sourceTree = "<group>"; };
		8BC1524829DD77030007A372 /* WelcomeScreenContract.swift */ = {isa = PBXFileReference; lastKnownFileType = sourcecode.swift; path = WelcomeScreenContract.swift; sourceTree = "<group>"; };
		8BC1524929DD77030007A372 /* WelcomeScreenPresenter.swift */ = {isa = PBXFileReference; lastKnownFileType = sourcecode.swift; path = WelcomeScreenPresenter.swift; sourceTree = "<group>"; };
		8BC1524A29DD77030007A372 /* WelcomeScreenMiddleware.swift */ = {isa = PBXFileReference; lastKnownFileType = sourcecode.swift; path = WelcomeScreenMiddleware.swift; sourceTree = "<group>"; };
		8BC1524B29DD77030007A372 /* WelcomeScreenViewController.swift */ = {isa = PBXFileReference; lastKnownFileType = sourcecode.swift; path = WelcomeScreenViewController.swift; sourceTree = "<group>"; };
		8BC1524C29DD77030007A372 /* WelcomeScreenBuilder.swift */ = {isa = PBXFileReference; lastKnownFileType = sourcecode.swift; path = WelcomeScreenBuilder.swift; sourceTree = "<group>"; };
		8BC1524D29DD77030007A372 /* WelcomeScreenInteractor.swift */ = {isa = PBXFileReference; lastKnownFileType = sourcecode.swift; path = WelcomeScreenInteractor.swift; sourceTree = "<group>"; };
		8BC1526229DD7A380007A372 /* Base.swift */ = {isa = PBXFileReference; fileEncoding = 4; lastKnownFileType = sourcecode.swift; path = Base.swift; sourceTree = "<group>"; };
		8BC1526529DD7AAC0007A372 /* IntentSubject.swift */ = {isa = PBXFileReference; fileEncoding = 4; lastKnownFileType = sourcecode.swift; path = IntentSubject.swift; sourceTree = "<group>"; };
		8BE6447D29DDB8D800288DAB /* OpenSans-SemiBold.ttf */ = {isa = PBXFileReference; lastKnownFileType = file; path = "OpenSans-SemiBold.ttf"; sourceTree = "<group>"; };
		8BE6447E29DDB8D800288DAB /* SF-Pro.ttf */ = {isa = PBXFileReference; lastKnownFileType = file; path = "SF-Pro.ttf"; sourceTree = "<group>"; };
		8BE6447F29DDB8D800288DAB /* SF-Pro-Text-Regular.otf */ = {isa = PBXFileReference; lastKnownFileType = file; path = "SF-Pro-Text-Regular.otf"; sourceTree = "<group>"; };
		8BE6448029DDB8D800288DAB /* SF-Pro-Text-Bold.otf */ = {isa = PBXFileReference; lastKnownFileType = file; path = "SF-Pro-Text-Bold.otf"; sourceTree = "<group>"; };
		8BE6448129DDB8D800288DAB /* OpenSans-Regular.ttf */ = {isa = PBXFileReference; lastKnownFileType = file; path = "OpenSans-Regular.ttf"; sourceTree = "<group>"; };
		8BE6448229DDB8D800288DAB /* SF-Pro-Text-Semibold.otf */ = {isa = PBXFileReference; lastKnownFileType = file; path = "SF-Pro-Text-Semibold.otf"; sourceTree = "<group>"; };
		8BE6448929DDB96E00288DAB /* UIFontExtension.swift */ = {isa = PBXFileReference; fileEncoding = 4; lastKnownFileType = sourcecode.swift; path = UIFontExtension.swift; sourceTree = "<group>"; };
		8BE6449129DED21600288DAB /* UIColorExtension.swift */ = {isa = PBXFileReference; fileEncoding = 4; lastKnownFileType = sourcecode.swift; path = UIColorExtension.swift; sourceTree = "<group>"; };
		8BE6449529DED69B00288DAB /* ButtonsFactory.swift */ = {isa = PBXFileReference; lastKnownFileType = sourcecode.swift; path = ButtonsFactory.swift; sourceTree = "<group>"; };
		8BE6449729DEDCD900288DAB /* UIImageExtension.swift */ = {isa = PBXFileReference; lastKnownFileType = sourcecode.swift; path = UIImageExtension.swift; sourceTree = "<group>"; };
		8BE6449B29DEE22B00288DAB /* FitmaniaLogo.swift */ = {isa = PBXFileReference; lastKnownFileType = sourcecode.swift; path = FitmaniaLogo.swift; sourceTree = "<group>"; };
		8BE6449529DED69B00288DAB /* UIButtonExtension.swift */ = {isa = PBXFileReference; lastKnownFileType = sourcecode.swift; path = UIButtonExtension.swift; sourceTree = "<group>"; };
		8BE6449B29DEE22B00288DAB /* FitmaniaLogoView.swift */ = {isa = PBXFileReference; lastKnownFileType = sourcecode.swift; path = FitmaniaLogoView.swift; sourceTree = "<group>"; };
/* End PBXFileReference section */

/* Begin PBXFrameworksBuildPhase section */
		8BC151E729DD6EA00007A372 /* Frameworks */ = {
			isa = PBXFrameworksBuildPhase;
			buildActionMask = 2147483647;
			files = (
				8BE6447429DD7B6000288DAB /* RxRelay in Frameworks */,
				8BE6447229DD7B6000288DAB /* RxCocoa in Frameworks */,
				8BE6447629DD7B6000288DAB /* RxSwift in Frameworks */,
				8BC1526129DD79D00007A372 /* SnapKit in Frameworks */,
			);
			runOnlyForDeploymentPostprocessing = 0;
		};
		8BC151FD29DD6EA20007A372 /* Frameworks */ = {
			isa = PBXFrameworksBuildPhase;
			buildActionMask = 2147483647;
			files = (
			);
			runOnlyForDeploymentPostprocessing = 0;
		};
		8BC1520729DD6EA20007A372 /* Frameworks */ = {
			isa = PBXFrameworksBuildPhase;
			buildActionMask = 2147483647;
			files = (
			);
			runOnlyForDeploymentPostprocessing = 0;
		};
/* End PBXFrameworksBuildPhase section */

/* Begin PBXGroup section */
		8BC151E129DD6EA00007A372 = {
			isa = PBXGroup;
			children = (
				8BC1523829DD75F40007A372 /* BuildScripts */,
				8BC151EC29DD6EA00007A372 /* Fitmania */,
				8BC1520329DD6EA20007A372 /* FitmaniaTests */,
				8BC1520D29DD6EA20007A372 /* FitmaniaUITests */,
				8BC151EB29DD6EA00007A372 /* Products */,
			);
			sourceTree = "<group>";
		};
		8BC151EB29DD6EA00007A372 /* Products */ = {
			isa = PBXGroup;
			children = (
				8BC151EA29DD6EA00007A372 /* Fitmania.app */,
				8BC1520029DD6EA20007A372 /* FitmaniaTests.xctest */,
				8BC1520A29DD6EA20007A372 /* FitmaniaUITests.xctest */,
			);
			name = Products;
			sourceTree = "<group>";
		};
		8BC151EC29DD6EA00007A372 /* Fitmania */ = {
			isa = PBXGroup;
			children = (
				8BC1522D29DD75CF0007A372 /* Configurations */,
				8BC1523E29DD769E0007A372 /* Application */,
				8BC1525529DD77150007A372 /* Modules */,
				8BE6447729DD7BBC00288DAB /* Common */,
				8BC151FB29DD6EA20007A372 /* Info.plist */,
				8BC151F629DD6EA20007A372 /* Assets.xcassets */,
				8BC151F829DD6EA20007A372 /* LaunchScreen.storyboard */,
			);
			path = Fitmania;
			sourceTree = "<group>";
		};
		8BC1520329DD6EA20007A372 /* FitmaniaTests */ = {
			isa = PBXGroup;
			children = (
				8BC1520429DD6EA20007A372 /* FitmaniaTests.swift */,
			);
			path = FitmaniaTests;
			sourceTree = "<group>";
		};
		8BC1520D29DD6EA20007A372 /* FitmaniaUITests */ = {
			isa = PBXGroup;
			children = (
				8BC1520E29DD6EA20007A372 /* FitmaniaUITests.swift */,
				8BC1521029DD6EA20007A372 /* FitmaniaUITestsLaunchTests.swift */,
			);
			path = FitmaniaUITests;
			sourceTree = "<group>";
		};
		8BC1522D29DD75CF0007A372 /* Configurations */ = {
			isa = PBXGroup;
			children = (
				8BC1522E29DD75CF0007A372 /* Configuration-Production.plist */,
				8BC1522F29DD75CF0007A372 /* Configuration-Development.plist */,
				8BC1523029DD75CF0007A372 /* Configuration-QA.plist */,
				8BC1523229DD75CF0007A372 /* Configuration-Default.plist */,
			);
			path = Configurations;
			sourceTree = "<group>";
		};
		8BC1523829DD75F40007A372 /* BuildScripts */ = {
			isa = PBXGroup;
			children = (
				8BC1523929DD75F40007A372 /* generate-configuration.sh */,
				8BC1523A29DD75F40007A372 /* create-empty-configuration-file.sh */,
			);
			path = BuildScripts;
			sourceTree = "<group>";
		};
		8BC1523E29DD769E0007A372 /* Application */ = {
			isa = PBXGroup;
			children = (
				8BC1526229DD7A380007A372 /* Base.swift */,
				8BC151ED29DD6EA00007A372 /* AppDelegate.swift */,
				8BC1523F29DD769E0007A372 /* Navigation */,
				8BC1524129DD769E0007A372 /* Dependencies */,
				8BC1524329DD769E0007A372 /* FlowControllers */,
			);
			path = Application;
			sourceTree = "<group>";
		};
		8BC1523F29DD769E0007A372 /* Navigation */ = {
			isa = PBXGroup;
			children = (
				8BC1524029DD769E0007A372 /* Navigation.swift */,
			);
			path = Navigation;
			sourceTree = "<group>";
		};
		8BC1524129DD769E0007A372 /* Dependencies */ = {
			isa = PBXGroup;
			children = (
				8BC1524229DD769E0007A372 /* AppDependencies.swift */,
			);
			path = Dependencies;
			sourceTree = "<group>";
		};
		8BC1524329DD769E0007A372 /* FlowControllers */ = {
			isa = PBXGroup;
			children = (
				8BC1524429DD769E0007A372 /* MainFlowController.swift */,
			);
			path = FlowControllers;
			sourceTree = "<group>";
		};
		8BC1525429DD77070007A372 /* WelcomeScreen */ = {
			isa = PBXGroup;
			children = (
				8BC1524829DD77030007A372 /* WelcomeScreenContract.swift */,
				8BC1524929DD77030007A372 /* WelcomeScreenPresenter.swift */,
				8BC1524A29DD77030007A372 /* WelcomeScreenMiddleware.swift */,
				8BC1524B29DD77030007A372 /* WelcomeScreenViewController.swift */,
				8BC1524C29DD77030007A372 /* WelcomeScreenBuilder.swift */,
				8BC1524D29DD77030007A372 /* WelcomeScreenInteractor.swift */,
			);
			path = WelcomeScreen;
			sourceTree = "<group>";
		};
		8BC1525529DD77150007A372 /* Modules */ = {
			isa = PBXGroup;
			children = (
				8BE6449929DEE21A00288DAB /* Components */,
				8BC1525429DD77070007A372 /* WelcomeScreen */,
			);
			path = Modules;
			sourceTree = "<group>";
		};
		8BC1526429DD7AAC0007A372 /* PropertyWrappers */ = {
			isa = PBXGroup;
			children = (
				8BC1526529DD7AAC0007A372 /* IntentSubject.swift */,
			);
			path = PropertyWrappers;
			sourceTree = "<group>";
		};
		8BE6447729DD7BBC00288DAB /* Common */ = {
			isa = PBXGroup;
			children = (
				8BE6447929DDB63000288DAB /* Extensions */,
				8BE6447C29DDB8D800288DAB /* Fonts */,
				8BC1526429DD7AAC0007A372 /* PropertyWrappers */,
			);
			path = Common;
			sourceTree = "<group>";
		};
		8BE6447929DDB63000288DAB /* Extensions */ = {
			isa = PBXGroup;
			children = (
				8BE6448929DDB96E00288DAB /* UIFontExtension.swift */,
				8BE6449129DED21600288DAB /* UIColorExtension.swift */,
				8BE6449529DED69B00288DAB /* UIButtonExtension.swift */,
				8BE6449729DEDCD900288DAB /* UIImageExtension.swift */,
			);
			path = Extensions;
			sourceTree = "<group>";
		};
		8BE6447C29DDB8D800288DAB /* Fonts */ = {
			isa = PBXGroup;
			children = (
				8BE6447D29DDB8D800288DAB /* OpenSans-SemiBold.ttf */,
				8BE6447E29DDB8D800288DAB /* SF-Pro.ttf */,
				8BE6447F29DDB8D800288DAB /* SF-Pro-Text-Regular.otf */,
				8BE6448029DDB8D800288DAB /* SF-Pro-Text-Bold.otf */,
				8BE6448129DDB8D800288DAB /* OpenSans-Regular.ttf */,
				8BE6448229DDB8D800288DAB /* SF-Pro-Text-Semibold.otf */,
			);
			path = Fonts;
			sourceTree = "<group>";
		};
		8BE6449429DED68A00288DAB /* Factories */ = {
			isa = PBXGroup;
			children = (
				8BE6449529DED69B00288DAB /* ButtonsFactory.swift */,
			);
			path = Factories;
			sourceTree = "<group>";
		};
		8BE6449929DEE21A00288DAB /* Components */ = {
			isa = PBXGroup;
			children = (
				8BE6449A29DEE22200288DAB /* Views */,
			);
			path = Components;
			sourceTree = "<group>";
		};
		8BE6449A29DEE22200288DAB /* Views */ = {
			isa = PBXGroup;
			children = (
				8BE6449B29DEE22B00288DAB /* FitmaniaLogoView.swift */,
			);
			path = Views;
			sourceTree = "<group>";
		};
/* End PBXGroup section */

/* Begin PBXNativeTarget section */
		8BC151E929DD6EA00007A372 /* Fitmania */ = {
			isa = PBXNativeTarget;
			buildConfigurationList = 8BC1521429DD6EA20007A372 /* Build configuration list for PBXNativeTarget "Fitmania" */;
			buildPhases = (
				8BC1523D29DD76100007A372 /* Configuration */,
				8BC151E629DD6EA00007A372 /* Sources */,
				8BC151E729DD6EA00007A372 /* Frameworks */,
				8BC151E829DD6EA00007A372 /* Resources */,
				8BE6447829DDB3A700288DAB /* Run SwiftLint */,
			);
			buildRules = (
			);
			dependencies = (
			);
			name = Fitmania;
			packageProductDependencies = (
				8BC1526029DD79D00007A372 /* SnapKit */,
				8BE6447129DD7B6000288DAB /* RxCocoa */,
				8BE6447329DD7B6000288DAB /* RxRelay */,
				8BE6447529DD7B6000288DAB /* RxSwift */,
			);
			productName = Fitmania;
			productReference = 8BC151EA29DD6EA00007A372 /* Fitmania.app */;
			productType = "com.apple.product-type.application";
		};
		8BC151FF29DD6EA20007A372 /* FitmaniaTests */ = {
			isa = PBXNativeTarget;
			buildConfigurationList = 8BC1521729DD6EA20007A372 /* Build configuration list for PBXNativeTarget "FitmaniaTests" */;
			buildPhases = (
				8BC151FC29DD6EA20007A372 /* Sources */,
				8BC151FD29DD6EA20007A372 /* Frameworks */,
				8BC151FE29DD6EA20007A372 /* Resources */,
			);
			buildRules = (
			);
			dependencies = (
				8BC1520229DD6EA20007A372 /* PBXTargetDependency */,
			);
			name = FitmaniaTests;
			productName = FitmaniaTests;
			productReference = 8BC1520029DD6EA20007A372 /* FitmaniaTests.xctest */;
			productType = "com.apple.product-type.bundle.unit-test";
		};
		8BC1520929DD6EA20007A372 /* FitmaniaUITests */ = {
			isa = PBXNativeTarget;
			buildConfigurationList = 8BC1521A29DD6EA20007A372 /* Build configuration list for PBXNativeTarget "FitmaniaUITests" */;
			buildPhases = (
				8BC1520629DD6EA20007A372 /* Sources */,
				8BC1520729DD6EA20007A372 /* Frameworks */,
				8BC1520829DD6EA20007A372 /* Resources */,
			);
			buildRules = (
			);
			dependencies = (
				8BC1520C29DD6EA20007A372 /* PBXTargetDependency */,
			);
			name = FitmaniaUITests;
			productName = FitmaniaUITests;
			productReference = 8BC1520A29DD6EA20007A372 /* FitmaniaUITests.xctest */;
			productType = "com.apple.product-type.bundle.ui-testing";
		};
/* End PBXNativeTarget section */

/* Begin PBXProject section */
		8BC151E229DD6EA00007A372 /* Project object */ = {
			isa = PBXProject;
			attributes = {
				BuildIndependentTargetsInParallel = 1;
				LastSwiftUpdateCheck = 1400;
				LastUpgradeCheck = 1400;
				TargetAttributes = {
					8BC151E929DD6EA00007A372 = {
						CreatedOnToolsVersion = 14.0.1;
					};
					8BC151FF29DD6EA20007A372 = {
						CreatedOnToolsVersion = 14.0.1;
						TestTargetID = 8BC151E929DD6EA00007A372;
					};
					8BC1520929DD6EA20007A372 = {
						CreatedOnToolsVersion = 14.0.1;
						TestTargetID = 8BC151E929DD6EA00007A372;
					};
				};
			};
			buildConfigurationList = 8BC151E529DD6EA00007A372 /* Build configuration list for PBXProject "Fitmania" */;
			compatibilityVersion = "Xcode 14.0";
			developmentRegion = en;
			hasScannedForEncodings = 0;
			knownRegions = (
				en,
				Base,
			);
			mainGroup = 8BC151E129DD6EA00007A372;
			packageReferences = (
				8BC1525F29DD79D00007A372 /* XCRemoteSwiftPackageReference "SnapKit" */,
				8BE6447029DD7B6000288DAB /* XCRemoteSwiftPackageReference "RxSwift" */,
			);
			productRefGroup = 8BC151EB29DD6EA00007A372 /* Products */;
			projectDirPath = "";
			projectRoot = "";
			targets = (
				8BC151E929DD6EA00007A372 /* Fitmania */,
				8BC151FF29DD6EA20007A372 /* FitmaniaTests */,
				8BC1520929DD6EA20007A372 /* FitmaniaUITests */,
			);
		};
/* End PBXProject section */

/* Begin PBXResourcesBuildPhase section */
		8BC151E829DD6EA00007A372 /* Resources */ = {
			isa = PBXResourcesBuildPhase;
			buildActionMask = 2147483647;
			files = (
				8BE6448529DDB8D800288DAB /* SF-Pro-Text-Regular.otf in Resources */,
				8BC1523329DD75CF0007A372 /* Configuration-Production.plist in Resources */,
				8BE6448629DDB8D800288DAB /* SF-Pro-Text-Bold.otf in Resources */,
				8BE6448329DDB8D800288DAB /* OpenSans-SemiBold.ttf in Resources */,
				8BC1523C29DD75F40007A372 /* create-empty-configuration-file.sh in Resources */,
				8BC1523729DD75CF0007A372 /* Configuration-Default.plist in Resources */,
				8BE6448829DDB8D800288DAB /* SF-Pro-Text-Semibold.otf in Resources */,
				8BC1523429DD75CF0007A372 /* Configuration-Development.plist in Resources */,
				8BC151FA29DD6EA20007A372 /* LaunchScreen.storyboard in Resources */,
				8BC151F729DD6EA20007A372 /* Assets.xcassets in Resources */,
				8BC1523B29DD75F40007A372 /* generate-configuration.sh in Resources */,
				8BC1523529DD75CF0007A372 /* Configuration-QA.plist in Resources */,
				8BE6448729DDB8D800288DAB /* OpenSans-Regular.ttf in Resources */,
				8BE6448429DDB8D800288DAB /* SF-Pro.ttf in Resources */,
			);
			runOnlyForDeploymentPostprocessing = 0;
		};
		8BC151FE29DD6EA20007A372 /* Resources */ = {
			isa = PBXResourcesBuildPhase;
			buildActionMask = 2147483647;
			files = (
			);
			runOnlyForDeploymentPostprocessing = 0;
		};
		8BC1520829DD6EA20007A372 /* Resources */ = {
			isa = PBXResourcesBuildPhase;
			buildActionMask = 2147483647;
			files = (
			);
			runOnlyForDeploymentPostprocessing = 0;
		};
/* End PBXResourcesBuildPhase section */

/* Begin PBXShellScriptBuildPhase section */
		8BC1523D29DD76100007A372 /* Configuration */ = {
			isa = PBXShellScriptBuildPhase;
			alwaysOutOfDate = 1;
			buildActionMask = 2147483647;
			files = (
			);
			inputFileListPaths = (
			);
			inputPaths = (
			);
			name = Configuration;
			outputFileListPaths = (
			);
			outputPaths = (
			);
			runOnlyForDeploymentPostprocessing = 0;
			shellPath = /bin/sh;
			shellScript = "\"${SRCROOT}/BuildScripts/generate-configuration.sh\"\n";
		};
		8BE6447829DDB3A700288DAB /* Run SwiftLint */ = {
			isa = PBXShellScriptBuildPhase;
			alwaysOutOfDate = 1;
			buildActionMask = 2147483647;
			files = (
			);
			inputFileListPaths = (
			);
			inputPaths = (
			);
			name = "Run SwiftLint";
			outputFileListPaths = (
			);
			outputPaths = (
			);
			runOnlyForDeploymentPostprocessing = 0;
			shellPath = /bin/sh;
			shellScript = "export PATH=\"$PATH:/opt/homebrew/bin\"\nif which swiftlint > /dev/null; then\n  swiftlint\nelse\n  echo \"warning: SwiftLint not installed, download from https://github.com/realm/SwiftLint\"\nfi\n";
		};
/* End PBXShellScriptBuildPhase section */

/* Begin PBXSourcesBuildPhase section */
		8BC151E629DD6EA00007A372 /* Sources */ = {
			isa = PBXSourcesBuildPhase;
			buildActionMask = 2147483647;
			files = (
				8BE6448A29DDB96E00288DAB /* UIFontExtension.swift in Sources */,
				8BE6449229DED21600288DAB /* UIColorExtension.swift in Sources */,
				8BE6449629DED69B00288DAB /* UIButtonExtension.swift in Sources */,
				8BC1524629DD769F0007A372 /* AppDependencies.swift in Sources */,
				8BC1524F29DD77030007A372 /* WelcomeScreenPresenter.swift in Sources */,
				8BC1525029DD77030007A372 /* WelcomeScreenMiddleware.swift in Sources */,
				8BE6449C29DEE22B00288DAB /* FitmaniaLogoView.swift in Sources */,
				8BC1524529DD769F0007A372 /* Navigation.swift in Sources */,
				8BC1526629DD7AAD0007A372 /* IntentSubject.swift in Sources */,
				8BC1525329DD77030007A372 /* WelcomeScreenInteractor.swift in Sources */,
				8BC1525229DD77030007A372 /* WelcomeScreenBuilder.swift in Sources */,
				8BC1525129DD77030007A372 /* WelcomeScreenViewController.swift in Sources */,
				8BC1524729DD769F0007A372 /* MainFlowController.swift in Sources */,
				8BC1524E29DD77030007A372 /* WelcomeScreenContract.swift in Sources */,
				8BC151EE29DD6EA00007A372 /* AppDelegate.swift in Sources */,
				8BC1526329DD7A380007A372 /* Base.swift in Sources */,
				8BE6449829DEDCD900288DAB /* UIImageExtension.swift in Sources */,
			);
			runOnlyForDeploymentPostprocessing = 0;
		};
		8BC151FC29DD6EA20007A372 /* Sources */ = {
			isa = PBXSourcesBuildPhase;
			buildActionMask = 2147483647;
			files = (
				8BC1520529DD6EA20007A372 /* FitmaniaTests.swift in Sources */,
			);
			runOnlyForDeploymentPostprocessing = 0;
		};
		8BC1520629DD6EA20007A372 /* Sources */ = {
			isa = PBXSourcesBuildPhase;
			buildActionMask = 2147483647;
			files = (
				8BC1521129DD6EA20007A372 /* FitmaniaUITestsLaunchTests.swift in Sources */,
				8BC1520F29DD6EA20007A372 /* FitmaniaUITests.swift in Sources */,
			);
			runOnlyForDeploymentPostprocessing = 0;
		};
/* End PBXSourcesBuildPhase section */

/* Begin PBXTargetDependency section */
		8BC1520229DD6EA20007A372 /* PBXTargetDependency */ = {
			isa = PBXTargetDependency;
			target = 8BC151E929DD6EA00007A372 /* Fitmania */;
			targetProxy = 8BC1520129DD6EA20007A372 /* PBXContainerItemProxy */;
		};
		8BC1520C29DD6EA20007A372 /* PBXTargetDependency */ = {
			isa = PBXTargetDependency;
			target = 8BC151E929DD6EA00007A372 /* Fitmania */;
			targetProxy = 8BC1520B29DD6EA20007A372 /* PBXContainerItemProxy */;
		};
/* End PBXTargetDependency section */

/* Begin PBXVariantGroup section */
		8BC151F829DD6EA20007A372 /* LaunchScreen.storyboard */ = {
			isa = PBXVariantGroup;
			children = (
				8BC151F929DD6EA20007A372 /* Base */,
			);
			name = LaunchScreen.storyboard;
			sourceTree = "<group>";
		};
/* End PBXVariantGroup section */

/* Begin XCBuildConfiguration section */
		8BC1521229DD6EA20007A372 /* Debug */ = {
			isa = XCBuildConfiguration;
			buildSettings = {
				ALWAYS_SEARCH_USER_PATHS = NO;
				APP_CONFIGURATION = Production;
				CLANG_ANALYZER_NONNULL = YES;
				CLANG_ANALYZER_NUMBER_OBJECT_CONVERSION = YES_AGGRESSIVE;
				CLANG_CXX_LANGUAGE_STANDARD = "gnu++20";
				CLANG_ENABLE_MODULES = YES;
				CLANG_ENABLE_OBJC_ARC = YES;
				CLANG_ENABLE_OBJC_WEAK = YES;
				CLANG_WARN_BLOCK_CAPTURE_AUTORELEASING = YES;
				CLANG_WARN_BOOL_CONVERSION = YES;
				CLANG_WARN_COMMA = YES;
				CLANG_WARN_CONSTANT_CONVERSION = YES;
				CLANG_WARN_DEPRECATED_OBJC_IMPLEMENTATIONS = YES;
				CLANG_WARN_DIRECT_OBJC_ISA_USAGE = YES_ERROR;
				CLANG_WARN_DOCUMENTATION_COMMENTS = YES;
				CLANG_WARN_EMPTY_BODY = YES;
				CLANG_WARN_ENUM_CONVERSION = YES;
				CLANG_WARN_INFINITE_RECURSION = YES;
				CLANG_WARN_INT_CONVERSION = YES;
				CLANG_WARN_NON_LITERAL_NULL_CONVERSION = YES;
				CLANG_WARN_OBJC_IMPLICIT_RETAIN_SELF = YES;
				CLANG_WARN_OBJC_LITERAL_CONVERSION = YES;
				CLANG_WARN_OBJC_ROOT_CLASS = YES_ERROR;
				CLANG_WARN_QUOTED_INCLUDE_IN_FRAMEWORK_HEADER = YES;
				CLANG_WARN_RANGE_LOOP_ANALYSIS = YES;
				CLANG_WARN_STRICT_PROTOTYPES = YES;
				CLANG_WARN_SUSPICIOUS_MOVE = YES;
				CLANG_WARN_UNGUARDED_AVAILABILITY = YES_AGGRESSIVE;
				CLANG_WARN_UNREACHABLE_CODE = YES;
				CLANG_WARN__DUPLICATE_METHOD_MATCH = YES;
				COPY_PHASE_STRIP = NO;
				DEBUG_INFORMATION_FORMAT = dwarf;
				ENABLE_STRICT_OBJC_MSGSEND = YES;
				ENABLE_TESTABILITY = YES;
				GCC_C_LANGUAGE_STANDARD = gnu11;
				GCC_DYNAMIC_NO_PIC = NO;
				GCC_NO_COMMON_BLOCKS = YES;
				GCC_OPTIMIZATION_LEVEL = 0;
				GCC_PREPROCESSOR_DEFINITIONS = (
					"DEBUG=1",
					"$(inherited)",
				);
				GCC_WARN_64_TO_32_BIT_CONVERSION = YES;
				GCC_WARN_ABOUT_RETURN_TYPE = YES_ERROR;
				GCC_WARN_UNDECLARED_SELECTOR = YES;
				GCC_WARN_UNINITIALIZED_AUTOS = YES_AGGRESSIVE;
				GCC_WARN_UNUSED_FUNCTION = YES;
				GCC_WARN_UNUSED_VARIABLE = YES;
				IPHONEOS_DEPLOYMENT_TARGET = 16.0;
				MTL_ENABLE_DEBUG_INFO = INCLUDE_SOURCE;
				MTL_FAST_MATH = YES;
				ONLY_ACTIVE_ARCH = YES;
				SDKROOT = iphoneos;
				SWIFT_ACTIVE_COMPILATION_CONDITIONS = DEBUG;
				SWIFT_OPTIMIZATION_LEVEL = "-Onone";
			};
			name = Debug;
		};
		8BC1521329DD6EA20007A372 /* Release */ = {
			isa = XCBuildConfiguration;
			buildSettings = {
				ALWAYS_SEARCH_USER_PATHS = NO;
				APP_CONFIGURATION = Production;
				CLANG_ANALYZER_NONNULL = YES;
				CLANG_ANALYZER_NUMBER_OBJECT_CONVERSION = YES_AGGRESSIVE;
				CLANG_CXX_LANGUAGE_STANDARD = "gnu++20";
				CLANG_ENABLE_MODULES = YES;
				CLANG_ENABLE_OBJC_ARC = YES;
				CLANG_ENABLE_OBJC_WEAK = YES;
				CLANG_WARN_BLOCK_CAPTURE_AUTORELEASING = YES;
				CLANG_WARN_BOOL_CONVERSION = YES;
				CLANG_WARN_COMMA = YES;
				CLANG_WARN_CONSTANT_CONVERSION = YES;
				CLANG_WARN_DEPRECATED_OBJC_IMPLEMENTATIONS = YES;
				CLANG_WARN_DIRECT_OBJC_ISA_USAGE = YES_ERROR;
				CLANG_WARN_DOCUMENTATION_COMMENTS = YES;
				CLANG_WARN_EMPTY_BODY = YES;
				CLANG_WARN_ENUM_CONVERSION = YES;
				CLANG_WARN_INFINITE_RECURSION = YES;
				CLANG_WARN_INT_CONVERSION = YES;
				CLANG_WARN_NON_LITERAL_NULL_CONVERSION = YES;
				CLANG_WARN_OBJC_IMPLICIT_RETAIN_SELF = YES;
				CLANG_WARN_OBJC_LITERAL_CONVERSION = YES;
				CLANG_WARN_OBJC_ROOT_CLASS = YES_ERROR;
				CLANG_WARN_QUOTED_INCLUDE_IN_FRAMEWORK_HEADER = YES;
				CLANG_WARN_RANGE_LOOP_ANALYSIS = YES;
				CLANG_WARN_STRICT_PROTOTYPES = YES;
				CLANG_WARN_SUSPICIOUS_MOVE = YES;
				CLANG_WARN_UNGUARDED_AVAILABILITY = YES_AGGRESSIVE;
				CLANG_WARN_UNREACHABLE_CODE = YES;
				CLANG_WARN__DUPLICATE_METHOD_MATCH = YES;
				COPY_PHASE_STRIP = NO;
				DEBUG_INFORMATION_FORMAT = "dwarf-with-dsym";
				ENABLE_NS_ASSERTIONS = NO;
				ENABLE_STRICT_OBJC_MSGSEND = YES;
				GCC_C_LANGUAGE_STANDARD = gnu11;
				GCC_NO_COMMON_BLOCKS = YES;
				GCC_WARN_64_TO_32_BIT_CONVERSION = YES;
				GCC_WARN_ABOUT_RETURN_TYPE = YES_ERROR;
				GCC_WARN_UNDECLARED_SELECTOR = YES;
				GCC_WARN_UNINITIALIZED_AUTOS = YES_AGGRESSIVE;
				GCC_WARN_UNUSED_FUNCTION = YES;
				GCC_WARN_UNUSED_VARIABLE = YES;
				IPHONEOS_DEPLOYMENT_TARGET = 16.0;
				MTL_ENABLE_DEBUG_INFO = NO;
				MTL_FAST_MATH = YES;
				SDKROOT = iphoneos;
				SWIFT_COMPILATION_MODE = wholemodule;
				SWIFT_OPTIMIZATION_LEVEL = "-O";
				VALIDATE_PRODUCT = YES;
			};
			name = Release;
		};
		8BC1521529DD6EA20007A372 /* Debug */ = {
			isa = XCBuildConfiguration;
			buildSettings = {
				ASSETCATALOG_COMPILER_APPICON_NAME = AppIcon;
				ASSETCATALOG_COMPILER_GLOBAL_ACCENT_COLOR_NAME = AccentColor;
				CODE_SIGN_STYLE = Automatic;
				CURRENT_PROJECT_VERSION = 1;
				DEVELOPMENT_TEAM = EZ57PM2RP9;
				GENERATE_INFOPLIST_FILE = YES;
				INFOPLIST_FILE = Fitmania/Info.plist;
				INFOPLIST_KEY_UIApplicationSupportsIndirectInputEvents = YES;
				INFOPLIST_KEY_UILaunchStoryboardName = LaunchScreen;
				INFOPLIST_KEY_UIMainStoryboardFile = "";
				INFOPLIST_KEY_UISupportedInterfaceOrientations_iPad = "UIInterfaceOrientationPortrait UIInterfaceOrientationPortraitUpsideDown UIInterfaceOrientationLandscapeLeft UIInterfaceOrientationLandscapeRight";
				INFOPLIST_KEY_UISupportedInterfaceOrientations_iPhone = "UIInterfaceOrientationPortrait UIInterfaceOrientationLandscapeLeft UIInterfaceOrientationLandscapeRight";
				LD_RUNPATH_SEARCH_PATHS = (
					"$(inherited)",
					"@executable_path/Frameworks",
				);
				MARKETING_VERSION = 1.0;
				PRODUCT_BUNDLE_IDENTIFIER = com.untitledkingdom.rafalwojtus.Fitmania;
				PRODUCT_NAME = "$(TARGET_NAME)";
				SWIFT_EMIT_LOC_STRINGS = YES;
				SWIFT_VERSION = 5.0;
				TARGETED_DEVICE_FAMILY = "1,2";
			};
			name = Debug;
		};
		8BC1521629DD6EA20007A372 /* Release */ = {
			isa = XCBuildConfiguration;
			buildSettings = {
				ASSETCATALOG_COMPILER_APPICON_NAME = AppIcon;
				ASSETCATALOG_COMPILER_GLOBAL_ACCENT_COLOR_NAME = AccentColor;
				CODE_SIGN_STYLE = Automatic;
				CURRENT_PROJECT_VERSION = 1;
				DEVELOPMENT_TEAM = EZ57PM2RP9;
				GENERATE_INFOPLIST_FILE = YES;
				INFOPLIST_FILE = Fitmania/Info.plist;
				INFOPLIST_KEY_UIApplicationSupportsIndirectInputEvents = YES;
				INFOPLIST_KEY_UILaunchStoryboardName = LaunchScreen;
				INFOPLIST_KEY_UIMainStoryboardFile = "";
				INFOPLIST_KEY_UISupportedInterfaceOrientations_iPad = "UIInterfaceOrientationPortrait UIInterfaceOrientationPortraitUpsideDown UIInterfaceOrientationLandscapeLeft UIInterfaceOrientationLandscapeRight";
				INFOPLIST_KEY_UISupportedInterfaceOrientations_iPhone = "UIInterfaceOrientationPortrait UIInterfaceOrientationLandscapeLeft UIInterfaceOrientationLandscapeRight";
				LD_RUNPATH_SEARCH_PATHS = (
					"$(inherited)",
					"@executable_path/Frameworks",
				);
				MARKETING_VERSION = 1.0;
				PRODUCT_BUNDLE_IDENTIFIER = com.untitledkingdom.rafalwojtus.Fitmania;
				PRODUCT_NAME = "$(TARGET_NAME)";
				SWIFT_EMIT_LOC_STRINGS = YES;
				SWIFT_VERSION = 5.0;
				TARGETED_DEVICE_FAMILY = "1,2";
			};
			name = Release;
		};
		8BC1521829DD6EA20007A372 /* Debug */ = {
			isa = XCBuildConfiguration;
			buildSettings = {
				ALWAYS_EMBED_SWIFT_STANDARD_LIBRARIES = YES;
				BUNDLE_LOADER = "$(TEST_HOST)";
				CODE_SIGN_STYLE = Automatic;
				CURRENT_PROJECT_VERSION = 1;
				DEVELOPMENT_TEAM = EZ57PM2RP9;
				GENERATE_INFOPLIST_FILE = YES;
				IPHONEOS_DEPLOYMENT_TARGET = 16.0;
				MARKETING_VERSION = 1.0;
				PRODUCT_BUNDLE_IDENTIFIER = com.untitledkingdom.rafalwojtus.FitmaniaTests;
				PRODUCT_NAME = "$(TARGET_NAME)";
				SWIFT_EMIT_LOC_STRINGS = NO;
				SWIFT_VERSION = 5.0;
				TARGETED_DEVICE_FAMILY = "1,2";
				TEST_HOST = "$(BUILT_PRODUCTS_DIR)/Fitmania.app/$(BUNDLE_EXECUTABLE_FOLDER_PATH)/Fitmania";
			};
			name = Debug;
		};
		8BC1521929DD6EA20007A372 /* Release */ = {
			isa = XCBuildConfiguration;
			buildSettings = {
				ALWAYS_EMBED_SWIFT_STANDARD_LIBRARIES = YES;
				BUNDLE_LOADER = "$(TEST_HOST)";
				CODE_SIGN_STYLE = Automatic;
				CURRENT_PROJECT_VERSION = 1;
				DEVELOPMENT_TEAM = EZ57PM2RP9;
				GENERATE_INFOPLIST_FILE = YES;
				IPHONEOS_DEPLOYMENT_TARGET = 16.0;
				MARKETING_VERSION = 1.0;
				PRODUCT_BUNDLE_IDENTIFIER = com.untitledkingdom.rafalwojtus.FitmaniaTests;
				PRODUCT_NAME = "$(TARGET_NAME)";
				SWIFT_EMIT_LOC_STRINGS = NO;
				SWIFT_VERSION = 5.0;
				TARGETED_DEVICE_FAMILY = "1,2";
				TEST_HOST = "$(BUILT_PRODUCTS_DIR)/Fitmania.app/$(BUNDLE_EXECUTABLE_FOLDER_PATH)/Fitmania";
			};
			name = Release;
		};
		8BC1521B29DD6EA20007A372 /* Debug */ = {
			isa = XCBuildConfiguration;
			buildSettings = {
				ALWAYS_EMBED_SWIFT_STANDARD_LIBRARIES = YES;
				CODE_SIGN_STYLE = Automatic;
				CURRENT_PROJECT_VERSION = 1;
				DEVELOPMENT_TEAM = EZ57PM2RP9;
				GENERATE_INFOPLIST_FILE = YES;
				MARKETING_VERSION = 1.0;
				PRODUCT_BUNDLE_IDENTIFIER = com.untitledkingdom.rafalwojtus.FitmaniaUITests;
				PRODUCT_NAME = "$(TARGET_NAME)";
				SWIFT_EMIT_LOC_STRINGS = NO;
				SWIFT_VERSION = 5.0;
				TARGETED_DEVICE_FAMILY = "1,2";
				TEST_TARGET_NAME = Fitmania;
			};
			name = Debug;
		};
		8BC1521C29DD6EA20007A372 /* Release */ = {
			isa = XCBuildConfiguration;
			buildSettings = {
				ALWAYS_EMBED_SWIFT_STANDARD_LIBRARIES = YES;
				CODE_SIGN_STYLE = Automatic;
				CURRENT_PROJECT_VERSION = 1;
				DEVELOPMENT_TEAM = EZ57PM2RP9;
				GENERATE_INFOPLIST_FILE = YES;
				MARKETING_VERSION = 1.0;
				PRODUCT_BUNDLE_IDENTIFIER = com.untitledkingdom.rafalwojtus.FitmaniaUITests;
				PRODUCT_NAME = "$(TARGET_NAME)";
				SWIFT_EMIT_LOC_STRINGS = NO;
				SWIFT_VERSION = 5.0;
				TARGETED_DEVICE_FAMILY = "1,2";
				TEST_TARGET_NAME = Fitmania;
			};
			name = Release;
		};
		8BC1521D29DD752B0007A372 /* Debug QA */ = {
			isa = XCBuildConfiguration;
			buildSettings = {
				ALWAYS_SEARCH_USER_PATHS = NO;
				APP_CONFIGURATION = QA;
				CLANG_ANALYZER_NONNULL = YES;
				CLANG_ANALYZER_NUMBER_OBJECT_CONVERSION = YES_AGGRESSIVE;
				CLANG_CXX_LANGUAGE_STANDARD = "gnu++20";
				CLANG_ENABLE_MODULES = YES;
				CLANG_ENABLE_OBJC_ARC = YES;
				CLANG_ENABLE_OBJC_WEAK = YES;
				CLANG_WARN_BLOCK_CAPTURE_AUTORELEASING = YES;
				CLANG_WARN_BOOL_CONVERSION = YES;
				CLANG_WARN_COMMA = YES;
				CLANG_WARN_CONSTANT_CONVERSION = YES;
				CLANG_WARN_DEPRECATED_OBJC_IMPLEMENTATIONS = YES;
				CLANG_WARN_DIRECT_OBJC_ISA_USAGE = YES_ERROR;
				CLANG_WARN_DOCUMENTATION_COMMENTS = YES;
				CLANG_WARN_EMPTY_BODY = YES;
				CLANG_WARN_ENUM_CONVERSION = YES;
				CLANG_WARN_INFINITE_RECURSION = YES;
				CLANG_WARN_INT_CONVERSION = YES;
				CLANG_WARN_NON_LITERAL_NULL_CONVERSION = YES;
				CLANG_WARN_OBJC_IMPLICIT_RETAIN_SELF = YES;
				CLANG_WARN_OBJC_LITERAL_CONVERSION = YES;
				CLANG_WARN_OBJC_ROOT_CLASS = YES_ERROR;
				CLANG_WARN_QUOTED_INCLUDE_IN_FRAMEWORK_HEADER = YES;
				CLANG_WARN_RANGE_LOOP_ANALYSIS = YES;
				CLANG_WARN_STRICT_PROTOTYPES = YES;
				CLANG_WARN_SUSPICIOUS_MOVE = YES;
				CLANG_WARN_UNGUARDED_AVAILABILITY = YES_AGGRESSIVE;
				CLANG_WARN_UNREACHABLE_CODE = YES;
				CLANG_WARN__DUPLICATE_METHOD_MATCH = YES;
				COPY_PHASE_STRIP = NO;
				DEBUG_INFORMATION_FORMAT = dwarf;
				ENABLE_STRICT_OBJC_MSGSEND = YES;
				ENABLE_TESTABILITY = YES;
				GCC_C_LANGUAGE_STANDARD = gnu11;
				GCC_DYNAMIC_NO_PIC = NO;
				GCC_NO_COMMON_BLOCKS = YES;
				GCC_OPTIMIZATION_LEVEL = 0;
				GCC_PREPROCESSOR_DEFINITIONS = (
					"DEBUG=1",
					"$(inherited)",
				);
				GCC_WARN_64_TO_32_BIT_CONVERSION = YES;
				GCC_WARN_ABOUT_RETURN_TYPE = YES_ERROR;
				GCC_WARN_UNDECLARED_SELECTOR = YES;
				GCC_WARN_UNINITIALIZED_AUTOS = YES_AGGRESSIVE;
				GCC_WARN_UNUSED_FUNCTION = YES;
				GCC_WARN_UNUSED_VARIABLE = YES;
				IPHONEOS_DEPLOYMENT_TARGET = 16.0;
				MTL_ENABLE_DEBUG_INFO = INCLUDE_SOURCE;
				MTL_FAST_MATH = YES;
				ONLY_ACTIVE_ARCH = YES;
				SDKROOT = iphoneos;
				SWIFT_ACTIVE_COMPILATION_CONDITIONS = DEBUG;
				SWIFT_OPTIMIZATION_LEVEL = "-Onone";
			};
			name = "Debug QA";
		};
		8BC1521E29DD752B0007A372 /* Debug QA */ = {
			isa = XCBuildConfiguration;
			buildSettings = {
				ASSETCATALOG_COMPILER_APPICON_NAME = AppIcon;
				ASSETCATALOG_COMPILER_GLOBAL_ACCENT_COLOR_NAME = AccentColor;
				CODE_SIGN_STYLE = Automatic;
				CURRENT_PROJECT_VERSION = 1;
				DEVELOPMENT_TEAM = EZ57PM2RP9;
				GENERATE_INFOPLIST_FILE = YES;
				INFOPLIST_FILE = Fitmania/Info.plist;
				INFOPLIST_KEY_UIApplicationSupportsIndirectInputEvents = YES;
				INFOPLIST_KEY_UILaunchStoryboardName = LaunchScreen;
				INFOPLIST_KEY_UIMainStoryboardFile = "";
				INFOPLIST_KEY_UISupportedInterfaceOrientations_iPad = "UIInterfaceOrientationPortrait UIInterfaceOrientationPortraitUpsideDown UIInterfaceOrientationLandscapeLeft UIInterfaceOrientationLandscapeRight";
				INFOPLIST_KEY_UISupportedInterfaceOrientations_iPhone = "UIInterfaceOrientationPortrait UIInterfaceOrientationLandscapeLeft UIInterfaceOrientationLandscapeRight";
				LD_RUNPATH_SEARCH_PATHS = (
					"$(inherited)",
					"@executable_path/Frameworks",
				);
				MARKETING_VERSION = 1.0;
				PRODUCT_BUNDLE_IDENTIFIER = com.untitledkingdom.rafalwojtus.Fitmania;
				PRODUCT_NAME = "$(TARGET_NAME)";
				SWIFT_EMIT_LOC_STRINGS = YES;
				SWIFT_VERSION = 5.0;
				TARGETED_DEVICE_FAMILY = "1,2";
			};
			name = "Debug QA";
		};
		8BC1521F29DD752B0007A372 /* Debug QA */ = {
			isa = XCBuildConfiguration;
			buildSettings = {
				ALWAYS_EMBED_SWIFT_STANDARD_LIBRARIES = YES;
				BUNDLE_LOADER = "$(TEST_HOST)";
				CODE_SIGN_STYLE = Automatic;
				CURRENT_PROJECT_VERSION = 1;
				DEVELOPMENT_TEAM = EZ57PM2RP9;
				GENERATE_INFOPLIST_FILE = YES;
				IPHONEOS_DEPLOYMENT_TARGET = 16.0;
				MARKETING_VERSION = 1.0;
				PRODUCT_BUNDLE_IDENTIFIER = com.untitledkingdom.rafalwojtus.FitmaniaTests;
				PRODUCT_NAME = "$(TARGET_NAME)";
				SWIFT_EMIT_LOC_STRINGS = NO;
				SWIFT_VERSION = 5.0;
				TARGETED_DEVICE_FAMILY = "1,2";
				TEST_HOST = "$(BUILT_PRODUCTS_DIR)/Fitmania.app/$(BUNDLE_EXECUTABLE_FOLDER_PATH)/Fitmania";
			};
			name = "Debug QA";
		};
		8BC1522029DD752B0007A372 /* Debug QA */ = {
			isa = XCBuildConfiguration;
			buildSettings = {
				ALWAYS_EMBED_SWIFT_STANDARD_LIBRARIES = YES;
				CODE_SIGN_STYLE = Automatic;
				CURRENT_PROJECT_VERSION = 1;
				DEVELOPMENT_TEAM = EZ57PM2RP9;
				GENERATE_INFOPLIST_FILE = YES;
				MARKETING_VERSION = 1.0;
				PRODUCT_BUNDLE_IDENTIFIER = com.untitledkingdom.rafalwojtus.FitmaniaUITests;
				PRODUCT_NAME = "$(TARGET_NAME)";
				SWIFT_EMIT_LOC_STRINGS = NO;
				SWIFT_VERSION = 5.0;
				TARGETED_DEVICE_FAMILY = "1,2";
				TEST_TARGET_NAME = Fitmania;
			};
			name = "Debug QA";
		};
		8BC1522129DD75310007A372 /* Debug Dev */ = {
			isa = XCBuildConfiguration;
			buildSettings = {
				ALWAYS_SEARCH_USER_PATHS = NO;
				APP_CONFIGURATION = Development;
				CLANG_ANALYZER_NONNULL = YES;
				CLANG_ANALYZER_NUMBER_OBJECT_CONVERSION = YES_AGGRESSIVE;
				CLANG_CXX_LANGUAGE_STANDARD = "gnu++20";
				CLANG_ENABLE_MODULES = YES;
				CLANG_ENABLE_OBJC_ARC = YES;
				CLANG_ENABLE_OBJC_WEAK = YES;
				CLANG_WARN_BLOCK_CAPTURE_AUTORELEASING = YES;
				CLANG_WARN_BOOL_CONVERSION = YES;
				CLANG_WARN_COMMA = YES;
				CLANG_WARN_CONSTANT_CONVERSION = YES;
				CLANG_WARN_DEPRECATED_OBJC_IMPLEMENTATIONS = YES;
				CLANG_WARN_DIRECT_OBJC_ISA_USAGE = YES_ERROR;
				CLANG_WARN_DOCUMENTATION_COMMENTS = YES;
				CLANG_WARN_EMPTY_BODY = YES;
				CLANG_WARN_ENUM_CONVERSION = YES;
				CLANG_WARN_INFINITE_RECURSION = YES;
				CLANG_WARN_INT_CONVERSION = YES;
				CLANG_WARN_NON_LITERAL_NULL_CONVERSION = YES;
				CLANG_WARN_OBJC_IMPLICIT_RETAIN_SELF = YES;
				CLANG_WARN_OBJC_LITERAL_CONVERSION = YES;
				CLANG_WARN_OBJC_ROOT_CLASS = YES_ERROR;
				CLANG_WARN_QUOTED_INCLUDE_IN_FRAMEWORK_HEADER = YES;
				CLANG_WARN_RANGE_LOOP_ANALYSIS = YES;
				CLANG_WARN_STRICT_PROTOTYPES = YES;
				CLANG_WARN_SUSPICIOUS_MOVE = YES;
				CLANG_WARN_UNGUARDED_AVAILABILITY = YES_AGGRESSIVE;
				CLANG_WARN_UNREACHABLE_CODE = YES;
				CLANG_WARN__DUPLICATE_METHOD_MATCH = YES;
				COPY_PHASE_STRIP = NO;
				DEBUG_INFORMATION_FORMAT = dwarf;
				ENABLE_STRICT_OBJC_MSGSEND = YES;
				ENABLE_TESTABILITY = YES;
				GCC_C_LANGUAGE_STANDARD = gnu11;
				GCC_DYNAMIC_NO_PIC = NO;
				GCC_NO_COMMON_BLOCKS = YES;
				GCC_OPTIMIZATION_LEVEL = 0;
				GCC_PREPROCESSOR_DEFINITIONS = (
					"DEBUG=1",
					"$(inherited)",
				);
				GCC_WARN_64_TO_32_BIT_CONVERSION = YES;
				GCC_WARN_ABOUT_RETURN_TYPE = YES_ERROR;
				GCC_WARN_UNDECLARED_SELECTOR = YES;
				GCC_WARN_UNINITIALIZED_AUTOS = YES_AGGRESSIVE;
				GCC_WARN_UNUSED_FUNCTION = YES;
				GCC_WARN_UNUSED_VARIABLE = YES;
				IPHONEOS_DEPLOYMENT_TARGET = 16.0;
				MTL_ENABLE_DEBUG_INFO = INCLUDE_SOURCE;
				MTL_FAST_MATH = YES;
				ONLY_ACTIVE_ARCH = YES;
				SDKROOT = iphoneos;
				SWIFT_ACTIVE_COMPILATION_CONDITIONS = DEBUG;
				SWIFT_OPTIMIZATION_LEVEL = "-Onone";
			};
			name = "Debug Dev";
		};
		8BC1522229DD75310007A372 /* Debug Dev */ = {
			isa = XCBuildConfiguration;
			buildSettings = {
				ASSETCATALOG_COMPILER_APPICON_NAME = AppIcon;
				ASSETCATALOG_COMPILER_GLOBAL_ACCENT_COLOR_NAME = AccentColor;
				CODE_SIGN_STYLE = Automatic;
				CURRENT_PROJECT_VERSION = 1;
				DEVELOPMENT_TEAM = EZ57PM2RP9;
				GENERATE_INFOPLIST_FILE = YES;
				INFOPLIST_FILE = Fitmania/Info.plist;
				INFOPLIST_KEY_UIApplicationSupportsIndirectInputEvents = YES;
				INFOPLIST_KEY_UILaunchStoryboardName = LaunchScreen;
				INFOPLIST_KEY_UIMainStoryboardFile = "";
				INFOPLIST_KEY_UISupportedInterfaceOrientations_iPad = "UIInterfaceOrientationPortrait UIInterfaceOrientationPortraitUpsideDown UIInterfaceOrientationLandscapeLeft UIInterfaceOrientationLandscapeRight";
				INFOPLIST_KEY_UISupportedInterfaceOrientations_iPhone = "UIInterfaceOrientationPortrait UIInterfaceOrientationLandscapeLeft UIInterfaceOrientationLandscapeRight";
				LD_RUNPATH_SEARCH_PATHS = (
					"$(inherited)",
					"@executable_path/Frameworks",
				);
				MARKETING_VERSION = 1.0;
				PRODUCT_BUNDLE_IDENTIFIER = com.untitledkingdom.rafalwojtus.Fitmania;
				PRODUCT_NAME = "$(TARGET_NAME)";
				SWIFT_EMIT_LOC_STRINGS = YES;
				SWIFT_VERSION = 5.0;
				TARGETED_DEVICE_FAMILY = "1,2";
			};
			name = "Debug Dev";
		};
		8BC1522329DD75310007A372 /* Debug Dev */ = {
			isa = XCBuildConfiguration;
			buildSettings = {
				ALWAYS_EMBED_SWIFT_STANDARD_LIBRARIES = YES;
				BUNDLE_LOADER = "$(TEST_HOST)";
				CODE_SIGN_STYLE = Automatic;
				CURRENT_PROJECT_VERSION = 1;
				DEVELOPMENT_TEAM = EZ57PM2RP9;
				GENERATE_INFOPLIST_FILE = YES;
				IPHONEOS_DEPLOYMENT_TARGET = 16.0;
				MARKETING_VERSION = 1.0;
				PRODUCT_BUNDLE_IDENTIFIER = com.untitledkingdom.rafalwojtus.FitmaniaTests;
				PRODUCT_NAME = "$(TARGET_NAME)";
				SWIFT_EMIT_LOC_STRINGS = NO;
				SWIFT_VERSION = 5.0;
				TARGETED_DEVICE_FAMILY = "1,2";
				TEST_HOST = "$(BUILT_PRODUCTS_DIR)/Fitmania.app/$(BUNDLE_EXECUTABLE_FOLDER_PATH)/Fitmania";
			};
			name = "Debug Dev";
		};
		8BC1522429DD75310007A372 /* Debug Dev */ = {
			isa = XCBuildConfiguration;
			buildSettings = {
				ALWAYS_EMBED_SWIFT_STANDARD_LIBRARIES = YES;
				CODE_SIGN_STYLE = Automatic;
				CURRENT_PROJECT_VERSION = 1;
				DEVELOPMENT_TEAM = EZ57PM2RP9;
				GENERATE_INFOPLIST_FILE = YES;
				MARKETING_VERSION = 1.0;
				PRODUCT_BUNDLE_IDENTIFIER = com.untitledkingdom.rafalwojtus.FitmaniaUITests;
				PRODUCT_NAME = "$(TARGET_NAME)";
				SWIFT_EMIT_LOC_STRINGS = NO;
				SWIFT_VERSION = 5.0;
				TARGETED_DEVICE_FAMILY = "1,2";
				TEST_TARGET_NAME = Fitmania;
			};
			name = "Debug Dev";
		};
		8BC1522529DD75340007A372 /* Release QA */ = {
			isa = XCBuildConfiguration;
			buildSettings = {
				ALWAYS_SEARCH_USER_PATHS = NO;
				APP_CONFIGURATION = QA;
				CLANG_ANALYZER_NONNULL = YES;
				CLANG_ANALYZER_NUMBER_OBJECT_CONVERSION = YES_AGGRESSIVE;
				CLANG_CXX_LANGUAGE_STANDARD = "gnu++20";
				CLANG_ENABLE_MODULES = YES;
				CLANG_ENABLE_OBJC_ARC = YES;
				CLANG_ENABLE_OBJC_WEAK = YES;
				CLANG_WARN_BLOCK_CAPTURE_AUTORELEASING = YES;
				CLANG_WARN_BOOL_CONVERSION = YES;
				CLANG_WARN_COMMA = YES;
				CLANG_WARN_CONSTANT_CONVERSION = YES;
				CLANG_WARN_DEPRECATED_OBJC_IMPLEMENTATIONS = YES;
				CLANG_WARN_DIRECT_OBJC_ISA_USAGE = YES_ERROR;
				CLANG_WARN_DOCUMENTATION_COMMENTS = YES;
				CLANG_WARN_EMPTY_BODY = YES;
				CLANG_WARN_ENUM_CONVERSION = YES;
				CLANG_WARN_INFINITE_RECURSION = YES;
				CLANG_WARN_INT_CONVERSION = YES;
				CLANG_WARN_NON_LITERAL_NULL_CONVERSION = YES;
				CLANG_WARN_OBJC_IMPLICIT_RETAIN_SELF = YES;
				CLANG_WARN_OBJC_LITERAL_CONVERSION = YES;
				CLANG_WARN_OBJC_ROOT_CLASS = YES_ERROR;
				CLANG_WARN_QUOTED_INCLUDE_IN_FRAMEWORK_HEADER = YES;
				CLANG_WARN_RANGE_LOOP_ANALYSIS = YES;
				CLANG_WARN_STRICT_PROTOTYPES = YES;
				CLANG_WARN_SUSPICIOUS_MOVE = YES;
				CLANG_WARN_UNGUARDED_AVAILABILITY = YES_AGGRESSIVE;
				CLANG_WARN_UNREACHABLE_CODE = YES;
				CLANG_WARN__DUPLICATE_METHOD_MATCH = YES;
				COPY_PHASE_STRIP = NO;
				DEBUG_INFORMATION_FORMAT = "dwarf-with-dsym";
				ENABLE_NS_ASSERTIONS = NO;
				ENABLE_STRICT_OBJC_MSGSEND = YES;
				GCC_C_LANGUAGE_STANDARD = gnu11;
				GCC_NO_COMMON_BLOCKS = YES;
				GCC_WARN_64_TO_32_BIT_CONVERSION = YES;
				GCC_WARN_ABOUT_RETURN_TYPE = YES_ERROR;
				GCC_WARN_UNDECLARED_SELECTOR = YES;
				GCC_WARN_UNINITIALIZED_AUTOS = YES_AGGRESSIVE;
				GCC_WARN_UNUSED_FUNCTION = YES;
				GCC_WARN_UNUSED_VARIABLE = YES;
				IPHONEOS_DEPLOYMENT_TARGET = 16.0;
				MTL_ENABLE_DEBUG_INFO = NO;
				MTL_FAST_MATH = YES;
				SDKROOT = iphoneos;
				SWIFT_COMPILATION_MODE = wholemodule;
				SWIFT_OPTIMIZATION_LEVEL = "-O";
				VALIDATE_PRODUCT = YES;
			};
			name = "Release QA";
		};
		8BC1522629DD75340007A372 /* Release QA */ = {
			isa = XCBuildConfiguration;
			buildSettings = {
				ASSETCATALOG_COMPILER_APPICON_NAME = AppIcon;
				ASSETCATALOG_COMPILER_GLOBAL_ACCENT_COLOR_NAME = AccentColor;
				CODE_SIGN_STYLE = Automatic;
				CURRENT_PROJECT_VERSION = 1;
				DEVELOPMENT_TEAM = EZ57PM2RP9;
				GENERATE_INFOPLIST_FILE = YES;
				INFOPLIST_FILE = Fitmania/Info.plist;
				INFOPLIST_KEY_UIApplicationSupportsIndirectInputEvents = YES;
				INFOPLIST_KEY_UILaunchStoryboardName = LaunchScreen;
				INFOPLIST_KEY_UIMainStoryboardFile = "";
				INFOPLIST_KEY_UISupportedInterfaceOrientations_iPad = "UIInterfaceOrientationPortrait UIInterfaceOrientationPortraitUpsideDown UIInterfaceOrientationLandscapeLeft UIInterfaceOrientationLandscapeRight";
				INFOPLIST_KEY_UISupportedInterfaceOrientations_iPhone = "UIInterfaceOrientationPortrait UIInterfaceOrientationLandscapeLeft UIInterfaceOrientationLandscapeRight";
				LD_RUNPATH_SEARCH_PATHS = (
					"$(inherited)",
					"@executable_path/Frameworks",
				);
				MARKETING_VERSION = 1.0;
				PRODUCT_BUNDLE_IDENTIFIER = com.untitledkingdom.rafalwojtus.Fitmania;
				PRODUCT_NAME = "$(TARGET_NAME)";
				SWIFT_EMIT_LOC_STRINGS = YES;
				SWIFT_VERSION = 5.0;
				TARGETED_DEVICE_FAMILY = "1,2";
			};
			name = "Release QA";
		};
		8BC1522729DD75340007A372 /* Release QA */ = {
			isa = XCBuildConfiguration;
			buildSettings = {
				ALWAYS_EMBED_SWIFT_STANDARD_LIBRARIES = YES;
				BUNDLE_LOADER = "$(TEST_HOST)";
				CODE_SIGN_STYLE = Automatic;
				CURRENT_PROJECT_VERSION = 1;
				DEVELOPMENT_TEAM = EZ57PM2RP9;
				GENERATE_INFOPLIST_FILE = YES;
				IPHONEOS_DEPLOYMENT_TARGET = 16.0;
				MARKETING_VERSION = 1.0;
				PRODUCT_BUNDLE_IDENTIFIER = com.untitledkingdom.rafalwojtus.FitmaniaTests;
				PRODUCT_NAME = "$(TARGET_NAME)";
				SWIFT_EMIT_LOC_STRINGS = NO;
				SWIFT_VERSION = 5.0;
				TARGETED_DEVICE_FAMILY = "1,2";
				TEST_HOST = "$(BUILT_PRODUCTS_DIR)/Fitmania.app/$(BUNDLE_EXECUTABLE_FOLDER_PATH)/Fitmania";
			};
			name = "Release QA";
		};
		8BC1522829DD75340007A372 /* Release QA */ = {
			isa = XCBuildConfiguration;
			buildSettings = {
				ALWAYS_EMBED_SWIFT_STANDARD_LIBRARIES = YES;
				CODE_SIGN_STYLE = Automatic;
				CURRENT_PROJECT_VERSION = 1;
				DEVELOPMENT_TEAM = EZ57PM2RP9;
				GENERATE_INFOPLIST_FILE = YES;
				MARKETING_VERSION = 1.0;
				PRODUCT_BUNDLE_IDENTIFIER = com.untitledkingdom.rafalwojtus.FitmaniaUITests;
				PRODUCT_NAME = "$(TARGET_NAME)";
				SWIFT_EMIT_LOC_STRINGS = NO;
				SWIFT_VERSION = 5.0;
				TARGETED_DEVICE_FAMILY = "1,2";
				TEST_TARGET_NAME = Fitmania;
			};
			name = "Release QA";
		};
		8BC1522929DD753A0007A372 /* Release Dev */ = {
			isa = XCBuildConfiguration;
			buildSettings = {
				ALWAYS_SEARCH_USER_PATHS = NO;
				APP_CONFIGURATION = Development;
				CLANG_ANALYZER_NONNULL = YES;
				CLANG_ANALYZER_NUMBER_OBJECT_CONVERSION = YES_AGGRESSIVE;
				CLANG_CXX_LANGUAGE_STANDARD = "gnu++20";
				CLANG_ENABLE_MODULES = YES;
				CLANG_ENABLE_OBJC_ARC = YES;
				CLANG_ENABLE_OBJC_WEAK = YES;
				CLANG_WARN_BLOCK_CAPTURE_AUTORELEASING = YES;
				CLANG_WARN_BOOL_CONVERSION = YES;
				CLANG_WARN_COMMA = YES;
				CLANG_WARN_CONSTANT_CONVERSION = YES;
				CLANG_WARN_DEPRECATED_OBJC_IMPLEMENTATIONS = YES;
				CLANG_WARN_DIRECT_OBJC_ISA_USAGE = YES_ERROR;
				CLANG_WARN_DOCUMENTATION_COMMENTS = YES;
				CLANG_WARN_EMPTY_BODY = YES;
				CLANG_WARN_ENUM_CONVERSION = YES;
				CLANG_WARN_INFINITE_RECURSION = YES;
				CLANG_WARN_INT_CONVERSION = YES;
				CLANG_WARN_NON_LITERAL_NULL_CONVERSION = YES;
				CLANG_WARN_OBJC_IMPLICIT_RETAIN_SELF = YES;
				CLANG_WARN_OBJC_LITERAL_CONVERSION = YES;
				CLANG_WARN_OBJC_ROOT_CLASS = YES_ERROR;
				CLANG_WARN_QUOTED_INCLUDE_IN_FRAMEWORK_HEADER = YES;
				CLANG_WARN_RANGE_LOOP_ANALYSIS = YES;
				CLANG_WARN_STRICT_PROTOTYPES = YES;
				CLANG_WARN_SUSPICIOUS_MOVE = YES;
				CLANG_WARN_UNGUARDED_AVAILABILITY = YES_AGGRESSIVE;
				CLANG_WARN_UNREACHABLE_CODE = YES;
				CLANG_WARN__DUPLICATE_METHOD_MATCH = YES;
				COPY_PHASE_STRIP = NO;
				DEBUG_INFORMATION_FORMAT = "dwarf-with-dsym";
				ENABLE_NS_ASSERTIONS = NO;
				ENABLE_STRICT_OBJC_MSGSEND = YES;
				GCC_C_LANGUAGE_STANDARD = gnu11;
				GCC_NO_COMMON_BLOCKS = YES;
				GCC_WARN_64_TO_32_BIT_CONVERSION = YES;
				GCC_WARN_ABOUT_RETURN_TYPE = YES_ERROR;
				GCC_WARN_UNDECLARED_SELECTOR = YES;
				GCC_WARN_UNINITIALIZED_AUTOS = YES_AGGRESSIVE;
				GCC_WARN_UNUSED_FUNCTION = YES;
				GCC_WARN_UNUSED_VARIABLE = YES;
				IPHONEOS_DEPLOYMENT_TARGET = 16.0;
				MTL_ENABLE_DEBUG_INFO = NO;
				MTL_FAST_MATH = YES;
				SDKROOT = iphoneos;
				SWIFT_COMPILATION_MODE = wholemodule;
				SWIFT_OPTIMIZATION_LEVEL = "-O";
				VALIDATE_PRODUCT = YES;
			};
			name = "Release Dev";
		};
		8BC1522A29DD753A0007A372 /* Release Dev */ = {
			isa = XCBuildConfiguration;
			buildSettings = {
				ASSETCATALOG_COMPILER_APPICON_NAME = AppIcon;
				ASSETCATALOG_COMPILER_GLOBAL_ACCENT_COLOR_NAME = AccentColor;
				CODE_SIGN_STYLE = Automatic;
				CURRENT_PROJECT_VERSION = 1;
				DEVELOPMENT_TEAM = EZ57PM2RP9;
				GENERATE_INFOPLIST_FILE = YES;
				INFOPLIST_FILE = Fitmania/Info.plist;
				INFOPLIST_KEY_UIApplicationSupportsIndirectInputEvents = YES;
				INFOPLIST_KEY_UILaunchStoryboardName = LaunchScreen;
				INFOPLIST_KEY_UIMainStoryboardFile = "";
				INFOPLIST_KEY_UISupportedInterfaceOrientations_iPad = "UIInterfaceOrientationPortrait UIInterfaceOrientationPortraitUpsideDown UIInterfaceOrientationLandscapeLeft UIInterfaceOrientationLandscapeRight";
				INFOPLIST_KEY_UISupportedInterfaceOrientations_iPhone = "UIInterfaceOrientationPortrait UIInterfaceOrientationLandscapeLeft UIInterfaceOrientationLandscapeRight";
				LD_RUNPATH_SEARCH_PATHS = (
					"$(inherited)",
					"@executable_path/Frameworks",
				);
				MARKETING_VERSION = 1.0;
				PRODUCT_BUNDLE_IDENTIFIER = com.untitledkingdom.rafalwojtus.Fitmania;
				PRODUCT_NAME = "$(TARGET_NAME)";
				SWIFT_EMIT_LOC_STRINGS = YES;
				SWIFT_VERSION = 5.0;
				TARGETED_DEVICE_FAMILY = "1,2";
			};
			name = "Release Dev";
		};
		8BC1522B29DD753A0007A372 /* Release Dev */ = {
			isa = XCBuildConfiguration;
			buildSettings = {
				ALWAYS_EMBED_SWIFT_STANDARD_LIBRARIES = YES;
				BUNDLE_LOADER = "$(TEST_HOST)";
				CODE_SIGN_STYLE = Automatic;
				CURRENT_PROJECT_VERSION = 1;
				DEVELOPMENT_TEAM = EZ57PM2RP9;
				GENERATE_INFOPLIST_FILE = YES;
				IPHONEOS_DEPLOYMENT_TARGET = 16.0;
				MARKETING_VERSION = 1.0;
				PRODUCT_BUNDLE_IDENTIFIER = com.untitledkingdom.rafalwojtus.FitmaniaTests;
				PRODUCT_NAME = "$(TARGET_NAME)";
				SWIFT_EMIT_LOC_STRINGS = NO;
				SWIFT_VERSION = 5.0;
				TARGETED_DEVICE_FAMILY = "1,2";
				TEST_HOST = "$(BUILT_PRODUCTS_DIR)/Fitmania.app/$(BUNDLE_EXECUTABLE_FOLDER_PATH)/Fitmania";
			};
			name = "Release Dev";
		};
		8BC1522C29DD753A0007A372 /* Release Dev */ = {
			isa = XCBuildConfiguration;
			buildSettings = {
				ALWAYS_EMBED_SWIFT_STANDARD_LIBRARIES = YES;
				CODE_SIGN_STYLE = Automatic;
				CURRENT_PROJECT_VERSION = 1;
				DEVELOPMENT_TEAM = EZ57PM2RP9;
				GENERATE_INFOPLIST_FILE = YES;
				MARKETING_VERSION = 1.0;
				PRODUCT_BUNDLE_IDENTIFIER = com.untitledkingdom.rafalwojtus.FitmaniaUITests;
				PRODUCT_NAME = "$(TARGET_NAME)";
				SWIFT_EMIT_LOC_STRINGS = NO;
				SWIFT_VERSION = 5.0;
				TARGETED_DEVICE_FAMILY = "1,2";
				TEST_TARGET_NAME = Fitmania;
			};
			name = "Release Dev";
		};
/* End XCBuildConfiguration section */

/* Begin XCConfigurationList section */
		8BC151E529DD6EA00007A372 /* Build configuration list for PBXProject "Fitmania" */ = {
			isa = XCConfigurationList;
			buildConfigurations = (
				8BC1521229DD6EA20007A372 /* Debug */,
				8BC1521D29DD752B0007A372 /* Debug QA */,
				8BC1522129DD75310007A372 /* Debug Dev */,
				8BC1521329DD6EA20007A372 /* Release */,
				8BC1522529DD75340007A372 /* Release QA */,
				8BC1522929DD753A0007A372 /* Release Dev */,
			);
			defaultConfigurationIsVisible = 0;
			defaultConfigurationName = Release;
		};
		8BC1521429DD6EA20007A372 /* Build configuration list for PBXNativeTarget "Fitmania" */ = {
			isa = XCConfigurationList;
			buildConfigurations = (
				8BC1521529DD6EA20007A372 /* Debug */,
				8BC1521E29DD752B0007A372 /* Debug QA */,
				8BC1522229DD75310007A372 /* Debug Dev */,
				8BC1521629DD6EA20007A372 /* Release */,
				8BC1522629DD75340007A372 /* Release QA */,
				8BC1522A29DD753A0007A372 /* Release Dev */,
			);
			defaultConfigurationIsVisible = 0;
			defaultConfigurationName = Release;
		};
		8BC1521729DD6EA20007A372 /* Build configuration list for PBXNativeTarget "FitmaniaTests" */ = {
			isa = XCConfigurationList;
			buildConfigurations = (
				8BC1521829DD6EA20007A372 /* Debug */,
				8BC1521F29DD752B0007A372 /* Debug QA */,
				8BC1522329DD75310007A372 /* Debug Dev */,
				8BC1521929DD6EA20007A372 /* Release */,
				8BC1522729DD75340007A372 /* Release QA */,
				8BC1522B29DD753A0007A372 /* Release Dev */,
			);
			defaultConfigurationIsVisible = 0;
			defaultConfigurationName = Release;
		};
		8BC1521A29DD6EA20007A372 /* Build configuration list for PBXNativeTarget "FitmaniaUITests" */ = {
			isa = XCConfigurationList;
			buildConfigurations = (
				8BC1521B29DD6EA20007A372 /* Debug */,
				8BC1522029DD752B0007A372 /* Debug QA */,
				8BC1522429DD75310007A372 /* Debug Dev */,
				8BC1521C29DD6EA20007A372 /* Release */,
				8BC1522829DD75340007A372 /* Release QA */,
				8BC1522C29DD753A0007A372 /* Release Dev */,
			);
			defaultConfigurationIsVisible = 0;
			defaultConfigurationName = Release;
		};
/* End XCConfigurationList section */

/* Begin XCRemoteSwiftPackageReference section */
		8BC1525F29DD79D00007A372 /* XCRemoteSwiftPackageReference "SnapKit" */ = {
			isa = XCRemoteSwiftPackageReference;
			repositoryURL = "https://github.com/SnapKit/SnapKit.git";
			requirement = {
				kind = upToNextMajorVersion;
				minimumVersion = 5.0.0;
			};
		};
		8BE6447029DD7B6000288DAB /* XCRemoteSwiftPackageReference "RxSwift" */ = {
			isa = XCRemoteSwiftPackageReference;
			repositoryURL = "https://github.com/ReactiveX/RxSwift.git";
			requirement = {
				branch = main;
				kind = branch;
			};
		};
/* End XCRemoteSwiftPackageReference section */

/* Begin XCSwiftPackageProductDependency section */
		8BC1526029DD79D00007A372 /* SnapKit */ = {
			isa = XCSwiftPackageProductDependency;
			package = 8BC1525F29DD79D00007A372 /* XCRemoteSwiftPackageReference "SnapKit" */;
			productName = SnapKit;
		};
		8BE6447129DD7B6000288DAB /* RxCocoa */ = {
			isa = XCSwiftPackageProductDependency;
			package = 8BE6447029DD7B6000288DAB /* XCRemoteSwiftPackageReference "RxSwift" */;
			productName = RxCocoa;
		};
		8BE6447329DD7B6000288DAB /* RxRelay */ = {
			isa = XCSwiftPackageProductDependency;
			package = 8BE6447029DD7B6000288DAB /* XCRemoteSwiftPackageReference "RxSwift" */;
			productName = RxRelay;
		};
		8BE6447529DD7B6000288DAB /* RxSwift */ = {
			isa = XCSwiftPackageProductDependency;
			package = 8BE6447029DD7B6000288DAB /* XCRemoteSwiftPackageReference "RxSwift" */;
			productName = RxSwift;
		};
/* End XCSwiftPackageProductDependency section */
	};
	rootObject = 8BC151E229DD6EA00007A372 /* Project object */;
}
